
Microsoft Visual Studio Solution File, Format Version 12.00
# Visual Studio 15
VisualStudioVersion = 15.0.28307.271
MinimumVisualStudioVersion = 10.0.40219.1
Project("{9A19103F-16F7-4668-BE54-9A1E7A4F7556}") = "MidasTouch.Domain", "MidasTouch.Domain\MidasTouch.Domain.csproj", "{F4AB7016-AC19-4D38-BAF2-50269F719DA0}"
EndProject
Project("{9A19103F-16F7-4668-BE54-9A1E7A4F7556}") = "MidasTouch.Tests", "MidasTouch.Tests\MidasTouch.Tests.csproj", "{0B18B027-39FE-4FCA-9304-D0F01F6A0736}"
EndProject
Project("{FAE04EC0-301F-11D3-BF4B-00C04F79EFBC}") = "MidasTouch.Mvc", "MidasTouch.Mvc\MidasTouch.Mvc.csproj", "{D23A874D-29DA-4438-832C-C387B6191B5C}"
EndProject
Global
	GlobalSection(SolutionConfigurationPlatforms) = preSolution
		Debug|Any CPU = Debug|Any CPU
		Release|Any CPU = Release|Any CPU
	EndGlobalSection
	GlobalSection(ProjectConfigurationPlatforms) = postSolution
		{F4AB7016-AC19-4D38-BAF2-50269F719DA0}.Debug|Any CPU.ActiveCfg = Debug|Any CPU
		{F4AB7016-AC19-4D38-BAF2-50269F719DA0}.Debug|Any CPU.Build.0 = Debug|Any CPU
		{F4AB7016-AC19-4D38-BAF2-50269F719DA0}.Release|Any CPU.ActiveCfg = Release|Any CPU
		{F4AB7016-AC19-4D38-BAF2-50269F719DA0}.Release|Any CPU.Build.0 = Release|Any CPU
		{0B18B027-39FE-4FCA-9304-D0F01F6A0736}.Debug|Any CPU.ActiveCfg = Debug|Any CPU
		{0B18B027-39FE-4FCA-9304-D0F01F6A0736}.Debug|Any CPU.Build.0 = Debug|Any CPU
		{0B18B027-39FE-4FCA-9304-D0F01F6A0736}.Release|Any CPU.ActiveCfg = Release|Any CPU
		{0B18B027-39FE-4FCA-9304-D0F01F6A0736}.Release|Any CPU.Build.0 = Release|Any CPU
		{D23A874D-29DA-4438-832C-C387B6191B5C}.Debug|Any CPU.ActiveCfg = Debug|Any CPU
		{D23A874D-29DA-4438-832C-C387B6191B5C}.Debug|Any CPU.Build.0 = Debug|Any CPU
		{D23A874D-29DA-4438-832C-C387B6191B5C}.Release|Any CPU.ActiveCfg = Release|Any CPU
		{D23A874D-29DA-4438-832C-C387B6191B5C}.Release|Any CPU.Build.0 = Release|Any CPU
	EndGlobalSection
	GlobalSection(SolutionProperties) = preSolution
		HideSolutionNode = FALSE
	EndGlobalSection
	GlobalSection(ExtensibilityGlobals) = postSolution
		SolutionGuid = {7932A982-C038-4FD9-820F-462F4CAA41B9}
	EndGlobalSection
EndGlobal
